
Microsoft Visual Studio Solution File, Format Version 12.00
# Visual Studio Version 17
VisualStudioVersion = 17.11.35312.102
MinimumVisualStudioVersion = 10.0.40219.1
Project("{FAE04EC0-301F-11D3-BF4B-00C04F79EFBC}") = "Matvej777", "Matvej777\Matvej777.csproj", "{7F8BE4F5-3F1C-46DB-9E86-A31F8C0899BE}"
EndProject
Global
	GlobalSection(SolutionConfigurationPlatforms) = preSolution
		Debug|Any CPU = Debug|Any CPU
		Release|Any CPU = Release|Any CPU
	EndGlobalSection
	GlobalSection(ProjectConfigurationPlatforms) = postSolution
		{7F8BE4F5-3F1C-46DB-9E86-A31F8C0899BE}.Debug|Any CPU.ActiveCfg = Debug|Any CPU
		{7F8BE4F5-3F1C-46DB-9E86-A31F8C0899BE}.Debug|Any CPU.Build.0 = Debug|Any CPU
		{7F8BE4F5-3F1C-46DB-9E86-A31F8C0899BE}.Release|Any CPU.ActiveCfg = Release|Any CPU
		{7F8BE4F5-3F1C-46DB-9E86-A31F8C0899BE}.Release|Any CPU.Build.0 = Release|Any CPU
	EndGlobalSection
	GlobalSection(SolutionProperties) = preSolution
		HideSolutionNode = FALSE
	EndGlobalSection
	GlobalSection(ExtensibilityGlobals) = postSolution
		SolutionGuid = {151CB257-F31D-4EAF-B877-08A7571E3972}
	EndGlobalSection
EndGlobal
